
Microsoft Visual Studio Solution File, Format Version 12.00
# Visual Studio 15
VisualStudioVersion = 15.0.28307.271
MinimumVisualStudioVersion = 10.0.40219.1
Project("{FAE04EC0-301F-11D3-BF4B-00C04F79EFBC}") = "rpslsGame", "rpslsGame\rpslsGame.csproj", "{AD668D69-3601-457D-9B7D-0C8AE726B020}"
EndProject
Global
	GlobalSection(SolutionConfigurationPlatforms) = preSolution
		Debug|Any CPU = Debug|Any CPU
		Release|Any CPU = Release|Any CPU
	EndGlobalSection
	GlobalSection(ProjectConfigurationPlatforms) = postSolution
		{AD668D69-3601-457D-9B7D-0C8AE726B020}.Debug|Any CPU.ActiveCfg = Debug|Any CPU
		{AD668D69-3601-457D-9B7D-0C8AE726B020}.Debug|Any CPU.Build.0 = Debug|Any CPU
		{AD668D69-3601-457D-9B7D-0C8AE726B020}.Release|Any CPU.ActiveCfg = Release|Any CPU
		{AD668D69-3601-457D-9B7D-0C8AE726B020}.Release|Any CPU.Build.0 = Release|Any CPU
	EndGlobalSection
	GlobalSection(SolutionProperties) = preSolution
		HideSolutionNode = FALSE
	EndGlobalSection
	GlobalSection(ExtensibilityGlobals) = postSolution
		SolutionGuid = {28591774-45A9-47A0-BC2A-081895EE81DA}
	EndGlobalSection
EndGlobal
